
Microsoft Visual Studio Solution File, Format Version 12.00
# Visual Studio Version 17
VisualStudioVersion = 17.11.35312.102
MinimumVisualStudioVersion = 10.0.40219.1
Project("{FAE04EC0-301F-11D3-BF4B-00C04F79EFBC}") = "ConsoleApp20", "ConsoleApp20\ConsoleApp20.csproj", "{023994F5-7DB9-4B8A-A165-82AA6036E53A}"
EndProject
Global
	GlobalSection(SolutionConfigurationPlatforms) = preSolution
		Debug|Any CPU = Debug|Any CPU
		Release|Any CPU = Release|Any CPU
	EndGlobalSection
	GlobalSection(ProjectConfigurationPlatforms) = postSolution
		{023994F5-7DB9-4B8A-A165-82AA6036E53A}.Debug|Any CPU.ActiveCfg = Debug|Any CPU
		{023994F5-7DB9-4B8A-A165-82AA6036E53A}.Debug|Any CPU.Build.0 = Debug|Any CPU
		{023994F5-7DB9-4B8A-A165-82AA6036E53A}.Release|Any CPU.ActiveCfg = Release|Any CPU
		{023994F5-7DB9-4B8A-A165-82AA6036E53A}.Release|Any CPU.Build.0 = Release|Any CPU
	EndGlobalSection
	GlobalSection(SolutionProperties) = preSolution
		HideSolutionNode = FALSE
	EndGlobalSection
	GlobalSection(ExtensibilityGlobals) = postSolution
		SolutionGuid = {E7AF9F0A-8EE6-4946-91A0-1C70E2B614DF}
	EndGlobalSection
EndGlobal
